
Microsoft Visual Studio Solution File, Format Version 12.00
# Visual Studio 2013
VisualStudioVersion = 12.0.31101.0
MinimumVisualStudioVersion = 10.0.40219.1
Project("{FAE04EC0-301F-11D3-BF4B-00C04F79EFBC}") = "TerrificNet", "TerrificNet\TerrificNet.csproj", "{68B78678-5EB5-4E5B-A181-1A2FFA804B3E}"
EndProject
Project("{FAE04EC0-301F-11D3-BF4B-00C04F79EFBC}") = "TerrificNet.Sample", "TerrificNet.Sample\TerrificNet.Sample.csproj", "{C88308FC-6FC4-40A0-9A2C-87F255140682}"
EndProject
Project("{FAE04EC0-301F-11D3-BF4B-00C04F79EFBC}") = "TerrificNet.ViewEngine", "TerrificNet.ViewEngine\TerrificNet.ViewEngine.csproj", "{A2395B2D-F69E-420F-9534-E640DFE86138}"
EndProject
Project("{FAE04EC0-301F-11D3-BF4B-00C04F79EFBC}") = "TerrificNet.ViewEngine.Schema", "TerrificNet.ViewEngine.Schema\TerrificNet.ViewEngine.Schema.csproj", "{29F13A40-21B8-4FEA-8A30-D5BAA24622B2}"
EndProject
Project("{FAE04EC0-301F-11D3-BF4B-00C04F79EFBC}") = "TerrificNet.ViewEngine.Schema.Test", "TerrificNet.ViewEngine.Schema.Test\TerrificNet.ViewEngine.Schema.Test.csproj", "{4CAA4B25-66AA-4BBB-9B71-E8C14B30C1B2}"
EndProject
Project("{FAE04EC0-301F-11D3-BF4B-00C04F79EFBC}") = "TerrificNet.Generator", "TerrificNet.Generator\TerrificNet.Generator.csproj", "{7A0B68AB-F5EF-4BCE-ACE3-766C9EA06B82}"
EndProject
Project("{FAE04EC0-301F-11D3-BF4B-00C04F79EFBC}") = "TerrificNet.Generator.Test", "TerrificNet.Generator.Test\TerrificNet.Generator.Test.csproj", "{3B46DE0A-6C67-4621-96E1-3EA8F43E06A3}"
EndProject
Project("{FAE04EC0-301F-11D3-BF4B-00C04F79EFBC}") = "Veil", "Veil\Src\Veil\Veil.csproj", "{97D96B66-EDFE-474B-BC72-D8439830FC76}"
EndProject
Project("{FAE04EC0-301F-11D3-BF4B-00C04F79EFBC}") = "Veil.Handlebars", "Veil\Src\Veil.Handlebars\Veil.Handlebars.csproj", "{3335691A-38B6-4DD1-96CB-A1C262CEF4CC}"
EndProject
Project("{2150E333-8FDC-42A3-9474-1A3956D46DE8}") = "Veil_Src", "Veil_Src", "{BF17DEA6-822B-4405-AE5C-7F7A421AC45E}"
EndProject
Project("{FAE04EC0-301F-11D3-BF4B-00C04F79EFBC}") = "TerrificNet.AssetCompiler", "TerrificNet.AssetCompiler\TerrificNet.AssetCompiler.csproj", "{832B0385-5327-4394-88B9-B2DE96D8895F}"
EndProject
Project("{FAE04EC0-301F-11D3-BF4B-00C04F79EFBC}") = "TerrificNet.AssetCompiler.Test", "TerrificNet.AssetCompiler.Test\TerrificNet.AssetCompiler.Test.csproj", "{9814066C-F8C4-40EA-AA37-1FC7D8DCAA65}"
EndProject
Project("{2150E333-8FDC-42A3-9474-1A3956D46DE8}") = "Web", "Web", "{F545AF87-B59F-465D-A6A3-40A38E94877E}"
EndProject
Project("{FAE04EC0-301F-11D3-BF4B-00C04F79EFBC}") = "TerrificNet.Sample.Net", "TerrificNet.Sample.Net\TerrificNet.Sample.Net.csproj", "{9B1BD351-0DA7-4AE4-A83E-C4172CBDC9BD}"
EndProject
Project("{FAE04EC0-301F-11D3-BF4B-00C04F79EFBC}") = "TerrificNet.Sample.Net.Models", "TerrificNet.Sample.Net.Models\TerrificNet.Sample.Net.Models.csproj", "{BBE75282-ACD4-49BC-A592-68B300A3BF20}"
EndProject
Project("{FAE04EC0-301F-11D3-BF4B-00C04F79EFBC}") = "TerrificNet.Generator.MSBuild", "TerrificNet.Generator.MSBuild\TerrificNet.Generator.MSBuild.csproj", "{9E81BD82-DF59-4BD8-92EB-511314041D5E}"
EndProject
Project("{FAE04EC0-301F-11D3-BF4B-00C04F79EFBC}") = "TerrificNet.Mvc", "TerrificNet.Mvc\TerrificNet.Mvc.csproj", "{B91E9371-631F-4F33-AD32-2B78724C85D3}"
EndProject
Project("{FAE04EC0-301F-11D3-BF4B-00C04F79EFBC}") = "TerrificNet.Test", "TerrificNet.Test\TerrificNet.Test.csproj", "{53891204-B74C-4FEF-AF1F-7E3081E83582}"
EndProject
Project("{FAE04EC0-301F-11D3-BF4B-00C04F79EFBC}") = "TerrificNet.UnityModules", "TerrificNet.UnityModules\TerrificNet.UnityModules.csproj", "{56B54925-161C-4195-898B-DF0F1AE85C2A}"
EndProject
Project("{2150E333-8FDC-42A3-9474-1A3956D46DE8}") = "Tests", "Tests", "{41AFD36B-5AC0-4CA0-BEBC-9A7179CF644F}"
	ProjectSection(SolutionItems) = preProject
		local.testsettings = local.testsettings
	EndProjectSection
EndProject
Project("{2150E333-8FDC-42A3-9474-1A3956D46DE8}") = "Samples", "Samples", "{E2D9B7EC-FEAE-488D-83A4-3B1C157C6C77}"
EndProject
Global
	GlobalSection(SolutionConfigurationPlatforms) = preSolution
		Debug|Any CPU = Debug|Any CPU
		Release|Any CPU = Release|Any CPU
	EndGlobalSection
	GlobalSection(ProjectConfigurationPlatforms) = postSolution
		{68B78678-5EB5-4E5B-A181-1A2FFA804B3E}.Debug|Any CPU.ActiveCfg = Debug|Any CPU
		{68B78678-5EB5-4E5B-A181-1A2FFA804B3E}.Debug|Any CPU.Build.0 = Debug|Any CPU
		{68B78678-5EB5-4E5B-A181-1A2FFA804B3E}.Release|Any CPU.ActiveCfg = Release|Any CPU
		{68B78678-5EB5-4E5B-A181-1A2FFA804B3E}.Release|Any CPU.Build.0 = Release|Any CPU
		{C88308FC-6FC4-40A0-9A2C-87F255140682}.Debug|Any CPU.ActiveCfg = Debug|Any CPU
		{C88308FC-6FC4-40A0-9A2C-87F255140682}.Debug|Any CPU.Build.0 = Debug|Any CPU
		{C88308FC-6FC4-40A0-9A2C-87F255140682}.Release|Any CPU.ActiveCfg = Release|Any CPU
		{C88308FC-6FC4-40A0-9A2C-87F255140682}.Release|Any CPU.Build.0 = Release|Any CPU
		{A2395B2D-F69E-420F-9534-E640DFE86138}.Debug|Any CPU.ActiveCfg = Debug|Any CPU
		{A2395B2D-F69E-420F-9534-E640DFE86138}.Debug|Any CPU.Build.0 = Debug|Any CPU
		{A2395B2D-F69E-420F-9534-E640DFE86138}.Release|Any CPU.ActiveCfg = Release|Any CPU
		{A2395B2D-F69E-420F-9534-E640DFE86138}.Release|Any CPU.Build.0 = Release|Any CPU
		{29F13A40-21B8-4FEA-8A30-D5BAA24622B2}.Debug|Any CPU.ActiveCfg = Debug|Any CPU
		{29F13A40-21B8-4FEA-8A30-D5BAA24622B2}.Debug|Any CPU.Build.0 = Debug|Any CPU
		{29F13A40-21B8-4FEA-8A30-D5BAA24622B2}.Release|Any CPU.ActiveCfg = Release|Any CPU
		{29F13A40-21B8-4FEA-8A30-D5BAA24622B2}.Release|Any CPU.Build.0 = Release|Any CPU
		{4CAA4B25-66AA-4BBB-9B71-E8C14B30C1B2}.Debug|Any CPU.ActiveCfg = Debug|Any CPU
		{4CAA4B25-66AA-4BBB-9B71-E8C14B30C1B2}.Debug|Any CPU.Build.0 = Debug|Any CPU
		{4CAA4B25-66AA-4BBB-9B71-E8C14B30C1B2}.Release|Any CPU.ActiveCfg = Release|Any CPU
		{4CAA4B25-66AA-4BBB-9B71-E8C14B30C1B2}.Release|Any CPU.Build.0 = Release|Any CPU
		{7A0B68AB-F5EF-4BCE-ACE3-766C9EA06B82}.Debug|Any CPU.ActiveCfg = Debug|Any CPU
		{7A0B68AB-F5EF-4BCE-ACE3-766C9EA06B82}.Debug|Any CPU.Build.0 = Debug|Any CPU
		{7A0B68AB-F5EF-4BCE-ACE3-766C9EA06B82}.Release|Any CPU.ActiveCfg = Release|Any CPU
		{7A0B68AB-F5EF-4BCE-ACE3-766C9EA06B82}.Release|Any CPU.Build.0 = Release|Any CPU
		{3B46DE0A-6C67-4621-96E1-3EA8F43E06A3}.Debug|Any CPU.ActiveCfg = Debug|Any CPU
		{3B46DE0A-6C67-4621-96E1-3EA8F43E06A3}.Debug|Any CPU.Build.0 = Debug|Any CPU
		{3B46DE0A-6C67-4621-96E1-3EA8F43E06A3}.Release|Any CPU.ActiveCfg = Release|Any CPU
		{3B46DE0A-6C67-4621-96E1-3EA8F43E06A3}.Release|Any CPU.Build.0 = Release|Any CPU
		{97D96B66-EDFE-474B-BC72-D8439830FC76}.Debug|Any CPU.ActiveCfg = Debug|Any CPU
		{97D96B66-EDFE-474B-BC72-D8439830FC76}.Debug|Any CPU.Build.0 = Debug|Any CPU
		{97D96B66-EDFE-474B-BC72-D8439830FC76}.Release|Any CPU.ActiveCfg = Release|Any CPU
		{97D96B66-EDFE-474B-BC72-D8439830FC76}.Release|Any CPU.Build.0 = Release|Any CPU
		{3335691A-38B6-4DD1-96CB-A1C262CEF4CC}.Debug|Any CPU.ActiveCfg = Debug|Any CPU
		{3335691A-38B6-4DD1-96CB-A1C262CEF4CC}.Debug|Any CPU.Build.0 = Debug|Any CPU
		{3335691A-38B6-4DD1-96CB-A1C262CEF4CC}.Release|Any CPU.ActiveCfg = Release|Any CPU
		{3335691A-38B6-4DD1-96CB-A1C262CEF4CC}.Release|Any CPU.Build.0 = Release|Any CPU
		{832B0385-5327-4394-88B9-B2DE96D8895F}.Debug|Any CPU.ActiveCfg = Debug|Any CPU
		{832B0385-5327-4394-88B9-B2DE96D8895F}.Debug|Any CPU.Build.0 = Debug|Any CPU
		{832B0385-5327-4394-88B9-B2DE96D8895F}.Release|Any CPU.ActiveCfg = Release|Any CPU
		{832B0385-5327-4394-88B9-B2DE96D8895F}.Release|Any CPU.Build.0 = Release|Any CPU
		{9814066C-F8C4-40EA-AA37-1FC7D8DCAA65}.Debug|Any CPU.ActiveCfg = Debug|Any CPU
		{9814066C-F8C4-40EA-AA37-1FC7D8DCAA65}.Debug|Any CPU.Build.0 = Debug|Any CPU
		{9814066C-F8C4-40EA-AA37-1FC7D8DCAA65}.Release|Any CPU.ActiveCfg = Release|Any CPU
		{9814066C-F8C4-40EA-AA37-1FC7D8DCAA65}.Release|Any CPU.Build.0 = Release|Any CPU
		{9B1BD351-0DA7-4AE4-A83E-C4172CBDC9BD}.Debug|Any CPU.ActiveCfg = Debug|Any CPU
		{9B1BD351-0DA7-4AE4-A83E-C4172CBDC9BD}.Debug|Any CPU.Build.0 = Debug|Any CPU
		{9B1BD351-0DA7-4AE4-A83E-C4172CBDC9BD}.Release|Any CPU.ActiveCfg = Release|Any CPU
		{9B1BD351-0DA7-4AE4-A83E-C4172CBDC9BD}.Release|Any CPU.Build.0 = Release|Any CPU
		{BBE75282-ACD4-49BC-A592-68B300A3BF20}.Debug|Any CPU.ActiveCfg = Debug|Any CPU
		{BBE75282-ACD4-49BC-A592-68B300A3BF20}.Debug|Any CPU.Build.0 = Debug|Any CPU
		{BBE75282-ACD4-49BC-A592-68B300A3BF20}.Release|Any CPU.ActiveCfg = Release|Any CPU
		{BBE75282-ACD4-49BC-A592-68B300A3BF20}.Release|Any CPU.Build.0 = Release|Any CPU
		{9E81BD82-DF59-4BD8-92EB-511314041D5E}.Debug|Any CPU.ActiveCfg = Debug|Any CPU
		{9E81BD82-DF59-4BD8-92EB-511314041D5E}.Debug|Any CPU.Build.0 = Debug|Any CPU
		{9E81BD82-DF59-4BD8-92EB-511314041D5E}.Release|Any CPU.ActiveCfg = Release|Any CPU
		{9E81BD82-DF59-4BD8-92EB-511314041D5E}.Release|Any CPU.Build.0 = Release|Any CPU
		{B91E9371-631F-4F33-AD32-2B78724C85D3}.Debug|Any CPU.ActiveCfg = Debug|Any CPU
		{B91E9371-631F-4F33-AD32-2B78724C85D3}.Debug|Any CPU.Build.0 = Debug|Any CPU
		{B91E9371-631F-4F33-AD32-2B78724C85D3}.Release|Any CPU.ActiveCfg = Release|Any CPU
		{B91E9371-631F-4F33-AD32-2B78724C85D3}.Release|Any CPU.Build.0 = Release|Any CPU
		{53891204-B74C-4FEF-AF1F-7E3081E83582}.Debug|Any CPU.ActiveCfg = Debug|Any CPU
		{53891204-B74C-4FEF-AF1F-7E3081E83582}.Debug|Any CPU.Build.0 = Debug|Any CPU
		{53891204-B74C-4FEF-AF1F-7E3081E83582}.Release|Any CPU.ActiveCfg = Release|Any CPU
		{53891204-B74C-4FEF-AF1F-7E3081E83582}.Release|Any CPU.Build.0 = Release|Any CPU
		{56B54925-161C-4195-898B-DF0F1AE85C2A}.Debug|Any CPU.ActiveCfg = Debug|Any CPU
		{56B54925-161C-4195-898B-DF0F1AE85C2A}.Debug|Any CPU.Build.0 = Debug|Any CPU
		{56B54925-161C-4195-898B-DF0F1AE85C2A}.Release|Any CPU.ActiveCfg = Release|Any CPU
		{56B54925-161C-4195-898B-DF0F1AE85C2A}.Release|Any CPU.Build.0 = Release|Any CPU
	EndGlobalSection
	GlobalSection(SolutionProperties) = preSolution
		HideSolutionNode = FALSE
	EndGlobalSection
	GlobalSection(NestedProjects) = preSolution
		{C88308FC-6FC4-40A0-9A2C-87F255140682} = {E2D9B7EC-FEAE-488D-83A4-3B1C157C6C77}
		{4CAA4B25-66AA-4BBB-9B71-E8C14B30C1B2} = {41AFD36B-5AC0-4CA0-BEBC-9A7179CF644F}
		{3B46DE0A-6C67-4621-96E1-3EA8F43E06A3} = {41AFD36B-5AC0-4CA0-BEBC-9A7179CF644F}
		{97D96B66-EDFE-474B-BC72-D8439830FC76} = {BF17DEA6-822B-4405-AE5C-7F7A421AC45E}
		{3335691A-38B6-4DD1-96CB-A1C262CEF4CC} = {BF17DEA6-822B-4405-AE5C-7F7A421AC45E}
		{9814066C-F8C4-40EA-AA37-1FC7D8DCAA65} = {41AFD36B-5AC0-4CA0-BEBC-9A7179CF644F}
		{F545AF87-B59F-465D-A6A3-40A38E94877E} = {E2D9B7EC-FEAE-488D-83A4-3B1C157C6C77}
		{9B1BD351-0DA7-4AE4-A83E-C4172CBDC9BD} = {F545AF87-B59F-465D-A6A3-40A38E94877E}
		{BBE75282-ACD4-49BC-A592-68B300A3BF20} = {F545AF87-B59F-465D-A6A3-40A38E94877E}
		{53891204-B74C-4FEF-AF1F-7E3081E83582} = {41AFD36B-5AC0-4CA0-BEBC-9A7179CF644F}
	EndGlobalSection
EndGlobal
