
Microsoft Visual Studio Solution File, Format Version 12.00
# Visual Studio 2013
VisualStudioVersion = 12.0.30723.0
MinimumVisualStudioVersion = 10.0.40219.1
Project("{FAE04EC0-301F-11D3-BF4B-00C04F79EFBC}") = "TerrificNet", "TerrificNet\TerrificNet.csproj", "{68B78678-5EB5-4E5B-A181-1A2FFA804B3E}"
EndProject
Project("{FAE04EC0-301F-11D3-BF4B-00C04F79EFBC}") = "TerrificNet.Sample", "TerrificNet.Sample\TerrificNet.Sample.csproj", "{C88308FC-6FC4-40A0-9A2C-87F255140682}"
EndProject
Project("{FAE04EC0-301F-11D3-BF4B-00C04F79EFBC}") = "TerrificNet.ViewEngine", "TerrificNet.ViewEngine\TerrificNet.ViewEngine.csproj", "{A2395B2D-F69E-420F-9534-E640DFE86138}"
EndProject
Project("{FAE04EC0-301F-11D3-BF4B-00C04F79EFBC}") = "TerrificNet.ViewEngine.Schema", "TerrificNet.ViewEngine.Schema\TerrificNet.ViewEngine.Schema.csproj", "{29F13A40-21B8-4FEA-8A30-D5BAA24622B2}"
EndProject
Project("{FAE04EC0-301F-11D3-BF4B-00C04F79EFBC}") = "TerrificNet.ViewEngine.Schema.Test", "TerrificNet.ViewEngine.Schema.Test\TerrificNet.ViewEngine.Schema.Test.csproj", "{4CAA4B25-66AA-4BBB-9B71-E8C14B30C1B2}"
EndProject
Project("{2150E333-8FDC-42A3-9474-1A3956D46DE8}") = "Solution Items", "Solution Items", "{C6F952FB-9AD8-4478-92B4-627ADEFDED16}"
	ProjectSection(SolutionItems) = preProject
		local.testsettings = local.testsettings
	EndProjectSection
EndProject
Project("{FAE04EC0-301F-11D3-BF4B-00C04F79EFBC}") = "Nustache.Core", "Nustache\Nustache.Core\Nustache.Core.csproj", "{3A725CD9-6024-441F-84B5-4226D78352C5}"
EndProject
Project("{FAE04EC0-301F-11D3-BF4B-00C04F79EFBC}") = "TerrificNet.Generator", "TerrificNet.Generator\TerrificNet.Generator.csproj", "{7A0B68AB-F5EF-4BCE-ACE3-766C9EA06B82}"
EndProject
Project("{FAE04EC0-301F-11D3-BF4B-00C04F79EFBC}") = "TerrificNet.Generator.Test", "TerrificNet.Generator.Test\TerrificNet.Generator.Test.csproj", "{3B46DE0A-6C67-4621-96E1-3EA8F43E06A3}"
EndProject
Project("{FAE04EC0-301F-11D3-BF4B-00C04F79EFBC}") = "TerrificNet.Mustache", "TerrificNet.Mustache\TerrificNet.Mustache.csproj", "{149A7CD9-B52F-4135-A740-1DCBBF307176}"
EndProject
Project("{FAE04EC0-301F-11D3-BF4B-00C04F79EFBC}") = "TerrificNet.Mustache.Test", "TerrificNet.Mustache.Test\TerrificNet.Mustache.Test.csproj", "{B60CE698-B429-45FD-8B8C-AEC2ECADCAC6}"
EndProject
Project("{FAE04EC0-301F-11D3-BF4B-00C04F79EFBC}") = "TerrificNet.Mustache.Antlr", "TerrificNet.Mustache.Antlr\TerrificNet.Mustache.Antlr.csproj", "{3AB99B6D-C183-4794-A61B-07C88C0BE74B}"
EndProject
Global
	GlobalSection(SolutionConfigurationPlatforms) = preSolution
		Debug|Any CPU = Debug|Any CPU
		Release|Any CPU = Release|Any CPU
	EndGlobalSection
	GlobalSection(ProjectConfigurationPlatforms) = postSolution
		{68B78678-5EB5-4E5B-A181-1A2FFA804B3E}.Debug|Any CPU.ActiveCfg = Debug|Any CPU
		{68B78678-5EB5-4E5B-A181-1A2FFA804B3E}.Debug|Any CPU.Build.0 = Debug|Any CPU
		{68B78678-5EB5-4E5B-A181-1A2FFA804B3E}.Release|Any CPU.ActiveCfg = Release|Any CPU
		{68B78678-5EB5-4E5B-A181-1A2FFA804B3E}.Release|Any CPU.Build.0 = Release|Any CPU
		{C88308FC-6FC4-40A0-9A2C-87F255140682}.Debug|Any CPU.ActiveCfg = Debug|Any CPU
		{C88308FC-6FC4-40A0-9A2C-87F255140682}.Debug|Any CPU.Build.0 = Debug|Any CPU
		{C88308FC-6FC4-40A0-9A2C-87F255140682}.Release|Any CPU.ActiveCfg = Release|Any CPU
		{C88308FC-6FC4-40A0-9A2C-87F255140682}.Release|Any CPU.Build.0 = Release|Any CPU
		{A2395B2D-F69E-420F-9534-E640DFE86138}.Debug|Any CPU.ActiveCfg = Debug|Any CPU
		{A2395B2D-F69E-420F-9534-E640DFE86138}.Debug|Any CPU.Build.0 = Debug|Any CPU
		{A2395B2D-F69E-420F-9534-E640DFE86138}.Release|Any CPU.ActiveCfg = Release|Any CPU
		{A2395B2D-F69E-420F-9534-E640DFE86138}.Release|Any CPU.Build.0 = Release|Any CPU
		{29F13A40-21B8-4FEA-8A30-D5BAA24622B2}.Debug|Any CPU.ActiveCfg = Debug|Any CPU
		{29F13A40-21B8-4FEA-8A30-D5BAA24622B2}.Debug|Any CPU.Build.0 = Debug|Any CPU
		{29F13A40-21B8-4FEA-8A30-D5BAA24622B2}.Release|Any CPU.ActiveCfg = Release|Any CPU
		{29F13A40-21B8-4FEA-8A30-D5BAA24622B2}.Release|Any CPU.Build.0 = Release|Any CPU
		{4CAA4B25-66AA-4BBB-9B71-E8C14B30C1B2}.Debug|Any CPU.ActiveCfg = Debug|Any CPU
		{4CAA4B25-66AA-4BBB-9B71-E8C14B30C1B2}.Debug|Any CPU.Build.0 = Debug|Any CPU
		{4CAA4B25-66AA-4BBB-9B71-E8C14B30C1B2}.Release|Any CPU.ActiveCfg = Release|Any CPU
		{4CAA4B25-66AA-4BBB-9B71-E8C14B30C1B2}.Release|Any CPU.Build.0 = Release|Any CPU
		{3A725CD9-6024-441F-84B5-4226D78352C5}.Debug|Any CPU.ActiveCfg = Debug|Any CPU
		{3A725CD9-6024-441F-84B5-4226D78352C5}.Debug|Any CPU.Build.0 = Debug|Any CPU
		{3A725CD9-6024-441F-84B5-4226D78352C5}.Release|Any CPU.ActiveCfg = Release|Any CPU
		{3A725CD9-6024-441F-84B5-4226D78352C5}.Release|Any CPU.Build.0 = Release|Any CPU
		{7A0B68AB-F5EF-4BCE-ACE3-766C9EA06B82}.Debug|Any CPU.ActiveCfg = Debug|Any CPU
		{7A0B68AB-F5EF-4BCE-ACE3-766C9EA06B82}.Debug|Any CPU.Build.0 = Debug|Any CPU
		{7A0B68AB-F5EF-4BCE-ACE3-766C9EA06B82}.Release|Any CPU.ActiveCfg = Release|Any CPU
		{7A0B68AB-F5EF-4BCE-ACE3-766C9EA06B82}.Release|Any CPU.Build.0 = Release|Any CPU
		{3B46DE0A-6C67-4621-96E1-3EA8F43E06A3}.Debug|Any CPU.ActiveCfg = Debug|Any CPU
		{3B46DE0A-6C67-4621-96E1-3EA8F43E06A3}.Debug|Any CPU.Build.0 = Debug|Any CPU
		{3B46DE0A-6C67-4621-96E1-3EA8F43E06A3}.Release|Any CPU.ActiveCfg = Release|Any CPU
		{3B46DE0A-6C67-4621-96E1-3EA8F43E06A3}.Release|Any CPU.Build.0 = Release|Any CPU
		{149A7CD9-B52F-4135-A740-1DCBBF307176}.Debug|Any CPU.ActiveCfg = Debug|Any CPU
		{149A7CD9-B52F-4135-A740-1DCBBF307176}.Debug|Any CPU.Build.0 = Debug|Any CPU
		{149A7CD9-B52F-4135-A740-1DCBBF307176}.Release|Any CPU.ActiveCfg = Release|Any CPU
		{149A7CD9-B52F-4135-A740-1DCBBF307176}.Release|Any CPU.Build.0 = Release|Any CPU
		{B60CE698-B429-45FD-8B8C-AEC2ECADCAC6}.Debug|Any CPU.ActiveCfg = Debug|Any CPU
		{B60CE698-B429-45FD-8B8C-AEC2ECADCAC6}.Debug|Any CPU.Build.0 = Debug|Any CPU
		{B60CE698-B429-45FD-8B8C-AEC2ECADCAC6}.Release|Any CPU.ActiveCfg = Release|Any CPU
		{B60CE698-B429-45FD-8B8C-AEC2ECADCAC6}.Release|Any CPU.Build.0 = Release|Any CPU
		{3AB99B6D-C183-4794-A61B-07C88C0BE74B}.Debug|Any CPU.ActiveCfg = Debug|Any CPU
		{3AB99B6D-C183-4794-A61B-07C88C0BE74B}.Debug|Any CPU.Build.0 = Debug|Any CPU
		{3AB99B6D-C183-4794-A61B-07C88C0BE74B}.Release|Any CPU.ActiveCfg = Release|Any CPU
		{3AB99B6D-C183-4794-A61B-07C88C0BE74B}.Release|Any CPU.Build.0 = Release|Any CPU
	EndGlobalSection
	GlobalSection(SolutionProperties) = preSolution
		HideSolutionNode = FALSE
	EndGlobalSection
EndGlobal
